schema: '2.0'
stages:
  clean_data:
    cmd: python scripts/trusted_clean_driver.py
    deps:
    - path: data/raw
      hash: md5
      md5: fcb1a119a8a28cb3f3d856c9a0a489d2.dir
      size: 5
      nfiles: 1
    - path: scripts/trusted_clean_driver.py
      hash: md5
      md5: 20eb4ce3521a4aabf2d90364be35dd17
      size: 861
    outs:
    - path: data/trusted
      hash: md5
      md5: 63a7425dd7c2f8f1121fb53ca4089a05.dir
      size: 249729377
      nfiles: 296
